Microsoft Visual Studio Solution File, Format Version 12.00
# Visual Studio Version 17
VisualStudioVersion = 17.3.32929.385
MinimumVisualStudioVersion = 10.0.40219.1
Project("{FAE04EC0-301F-11D3-BF4B-00C04F79EFBC}") = "BirdAtlas.Android", "BirdAtlas.Android\BirdAtlas.Android.csproj", "{59AE4C14-86B8-4C59-BBC2-C5F70ACF15CF}"
EndProject
Project("{FAE04EC0-301F-11D3-BF4B-00C04F79EFBC}") = "BirdAtlas.iOS", "BirdAtlas.iOS\BirdAtlas.iOS.csproj", "{1866B926-D5BE-4248-9C4C-274B8F098D54}"
EndProject
Project("{9A19103F-16F7-4668-BE54-9A1E7A4F7556}") = "BirdAtlas", "BirdAtlas\BirdAtlas.csproj", "{0100D27D-7213-4971-807D-130F269A7D67}"
EndProject
Project("{FAE04EC0-301F-11D3-BF4B-00C04F79EFBC}") = "BirdAtlas.UWP", "BirdAtlas.UWP\BirdAtlas.UWP.csproj", "{B1B8AB90-A9B6-4513-8BC5-02A2A086F1C5}"
EndProject
Global
	GlobalSection(SolutionConfigurationPlatforms) = preSolution
		Ad-Hoc|Any CPU = Ad-Hoc|Any CPU
		Ad-Hoc|ARM = Ad-Hoc|ARM
		Ad-Hoc|iPhone = Ad-Hoc|iPhone
		Ad-Hoc|iPhoneSimulator = Ad-Hoc|iPhoneSimulator
		Ad-Hoc|x64 = Ad-Hoc|x64
		Ad-Hoc|x86 = Ad-Hoc|x86
		AppStore|Any CPU = AppStore|Any CPU
		AppStore|ARM = AppStore|ARM
		AppStore|iPhone = AppStore|iPhone
		AppStore|iPhoneSimulator = AppStore|iPhoneSimulator
		AppStore|x64 = AppStore|x64
		AppStore|x86 = AppStore|x86
		Debug|Any CPU = Debug|Any CPU
		Debug|ARM = Debug|ARM
		Debug|iPhone = Debug|iPhone
		Debug|iPhoneSimulator = Debug|iPhoneSimulator
		Debug|x64 = Debug|x64
		Debug|x86 = Debug|x86
		Release|Any CPU = Release|Any CPU
		Release|ARM = Release|ARM
		Release|iPhone = Release|iPhone
		Release|iPhoneSimulator = Release|iPhoneSimulator
		Release|x64 = Release|x64
		Release|x86 = Release|x86
	EndGlobalSection
	GlobalSection(ProjectConfigurationPlatforms) = postSolution
		{59AE4C14-86B8-4C59-BBC2-C5F70ACF15CF}.Ad-Hoc|Any CPU.ActiveCfg = Release|Any CPU
		{59AE4C14-86B8-4C59-BBC2-C5F70ACF15CF}.Ad-Hoc|Any CPU.Build.0 = Release|Any CPU
		{59AE4C14-86B8-4C59-BBC2-C5F70ACF15CF}.Ad-Hoc|Any CPU.Deploy.0 = Release|Any CPU
		{59AE4C14-86B8-4C59-BBC2-C5F70ACF15CF}.Ad-Hoc|ARM.ActiveCfg = Release|Any CPU
		{59AE4C14-86B8-4C59-BBC2-C5F70ACF15CF}.Ad-Hoc|ARM.Build.0 = Release|Any CPU
		{59AE4C14-86B8-4C59-BBC2-C5F70ACF15CF}.Ad-Hoc|ARM.Deploy.0 = Release|Any CPU
		{59AE4C14-86B8-4C59-BBC2-C5F70ACF15CF}.Ad-Hoc|iPhone.ActiveCfg = Debug|Any CPU
		{59AE4C14-86B8-4C59-BBC2-C5F70ACF15CF}.Ad-Hoc|iPhone.Build.0 = Debug|Any CPU
		{59AE4C14-86B8-4C59-BBC2-C5F70ACF15CF}.Ad-Hoc|iPhoneSimulator.ActiveCfg = Release|Any CPU
		{59AE4C14-86B8-4C59-BBC2-C5F70ACF15CF}.Ad-Hoc|iPhoneSimulator.Build.0 = Release|Any CPU
		{59AE4C14-86B8-4C59-BBC2-C5F70ACF15CF}.Ad-Hoc|iPhoneSimulator.Deploy.0 = Release|Any CPU
		{59AE4C14-86B8-4C59-BBC2-C5F70ACF15CF}.Ad-Hoc|x64.ActiveCfg = Release|Any CPU
		{59AE4C14-86B8-4C59-BBC2-C5F70ACF15CF}.Ad-Hoc|x64.Build.0 = Release|Any CPU
		{59AE4C14-86B8-4C59-BBC2-C5F70ACF15CF}.Ad-Hoc|x64.Deploy.0 = Release|Any CPU
		{59AE4C14-86B8-4C59-BBC2-C5F70ACF15CF}.Ad-Hoc|x86.ActiveCfg = Release|Any CPU
		{59AE4C14-86B8-4C59-BBC2-C5F70ACF15CF}.Ad-Hoc|x86.Build.0 = Release|Any CPU
		{59AE4C14-86B8-4C59-BBC2-C5F70ACF15CF}.Ad-Hoc|x86.Deploy.0 = Release|Any CPU
		{59AE4C14-86B8-4C59-BBC2-C5F70ACF15CF}.AppStore|Any CPU.ActiveCfg = Release|Any CPU
		{59AE4C14-86B8-4C59-BBC2-C5F70ACF15CF}.AppStore|Any CPU.Build.0 = Release|Any CPU
		{59AE4C14-86B8-4C59-BBC2-C5F70ACF15CF}.AppStore|Any CPU.Deploy.0 = Release|Any CPU
		{59AE4C14-86B8-4C59-BBC2-C5F70ACF15CF}.AppStore|ARM.ActiveCfg = Release|Any CPU
		{59AE4C14-86B8-4C59-BBC2-C5F70ACF15CF}.AppStore|ARM.Build.0 = Release|Any CPU
		{59AE4C14-86B8-4C59-BBC2-C5F70ACF15CF}.AppStore|ARM.Deploy.0 = Release|Any CPU
		{59AE4C14-86B8-4C59-BBC2-C5F70ACF15CF}.AppStore|iPhone.ActiveCfg = Debug|Any CPU
		{59AE4C14-86B8-4C59-BBC2-C5F70ACF15CF}.AppStore|iPhone.Build.0 = Debug|Any CPU
		{59AE4C14-86B8-4C59-BBC2-C5F70ACF15CF}.AppStore|iPhoneSimulator.ActiveCfg = Release|Any CPU
		{59AE4C14-86B8-4C59-BBC2-C5F70ACF15CF}.AppStore|iPhoneSimulator.Build.0 = Release|Any CPU
		{59AE4C14-86B8-4C59-BBC2-C5F70ACF15CF}.AppStore|iPhoneSimulator.Deploy.0 = Release|Any CPU
		{59AE4C14-86B8-4C59-BBC2-C5F70ACF15CF}.AppStore|x64.ActiveCfg = Release|Any CPU
		{59AE4C14-86B8-4C59-BBC2-C5F70ACF15CF}.AppStore|x64.Build.0 = Release|Any CPU
		{59AE4C14-86B8-4C59-BBC2-C5F70ACF15CF}.AppStore|x64.Deploy.0 = Release|Any CPU
		{59AE4C14-86B8-4C59-BBC2-C5F70ACF15CF}.AppStore|x86.ActiveCfg = Release|Any CPU
		{59AE4C14-86B8-4C59-BBC2-C5F70ACF15CF}.AppStore|x86.Build.0 = Release|Any CPU
		{59AE4C14-86B8-4C59-BBC2-C5F70ACF15CF}.AppStore|x86.Deploy.0 = Release|Any CPU
		{59AE4C14-86B8-4C59-BBC2-C5F70ACF15CF}.Debug|Any CPU.ActiveCfg = Debug|Any CPU
		{59AE4C14-86B8-4C59-BBC2-C5F70ACF15CF}.Debug|ARM.ActiveCfg = Debug|Any CPU
		{59AE4C14-86B8-4C59-BBC2-C5F70ACF15CF}.Debug|ARM.Build.0 = Debug|Any CPU
		{59AE4C14-86B8-4C59-BBC2-C5F70ACF15CF}.Debug|ARM.Deploy.0 = Debug|Any CPU
		{59AE4C14-86B8-4C59-BBC2-C5F70ACF15CF}.Debug|iPhone.ActiveCfg = Debug|Any CPU
		{59AE4C14-86B8-4C59-BBC2-C5F70ACF15CF}.Debug|iPhone.Build.0 = Debug|Any CPU
		{59AE4C14-86B8-4C59-BBC2-C5F70ACF15CF}.Debug|iPhoneSimulator.ActiveCfg = Debug|Any CPU
		{59AE4C14-86B8-4C59-BBC2-C5F70ACF15CF}.Debug|iPhoneSimulator.Build.0 = Debug|Any CPU
		{59AE4C14-86B8-4C59-BBC2-C5F70ACF15CF}.Debug|x64.ActiveCfg = Debug|Any CPU
		{59AE4C14-86B8-4C59-BBC2-C5F70ACF15CF}.Debug|x64.Build.0 = Debug|Any CPU
		{59AE4C14-86B8-4C59-BBC2-C5F70ACF15CF}.Debug|x64.Deploy.0 = Debug|Any CPU
		{59AE4C14-86B8-4C59-BBC2-C5F70ACF15CF}.Debug|x86.ActiveCfg = Debug|Any CPU
		{59AE4C14-86B8-4C59-BBC2-C5F70ACF15CF}.Debug|x86.Build.0 = Debug|Any CPU
		{59AE4C14-86B8-4C59-BBC2-C5F70ACF15CF}.Debug|x86.Deploy.0 = Debug|Any CPU
		{59AE4C14-86B8-4C59-BBC2-C5F70ACF15CF}.Release|Any CPU.ActiveCfg = Release|Any CPU
		{59AE4C14-86B8-4C59-BBC2-C5F70ACF15CF}.Release|Any CPU.Build.0 = Release|Any CPU
		{59AE4C14-86B8-4C59-BBC2-C5F70ACF15CF}.Release|ARM.ActiveCfg = Release|Any CPU
		{59AE4C14-86B8-4C59-BBC2-C5F70ACF15CF}.Release|ARM.Build.0 = Release|Any CPU
		{59AE4C14-86B8-4C59-BBC2-C5F70ACF15CF}.Release|ARM.Deploy.0 = Release|Any CPU
		{59AE4C14-86B8-4C59-BBC2-C5F70ACF15CF}.Release|iPhone.ActiveCfg = Release|Any CPU
		{59AE4C14-86B8-4C59-BBC2-C5F70ACF15CF}.Release|iPhone.Build.0 = Release|Any CPU
		{59AE4C14-86B8-4C59-BBC2-C5F70ACF15CF}.Release|iPhoneSimulator.ActiveCfg = Release|Any CPU
		{59AE4C14-86B8-4C59-BBC2-C5F70ACF15CF}.Release|iPhoneSimulator.Build.0 = Release|Any CPU
		{59AE4C14-86B8-4C59-BBC2-C5F70ACF15CF}.Release|x64.ActiveCfg = Release|Any CPU
		{59AE4C14-86B8-4C59-BBC2-C5F70ACF15CF}.Release|x64.Build.0 = Release|Any CPU
		{59AE4C14-86B8-4C59-BBC2-C5F70ACF15CF}.Release|x64.Deploy.0 = Release|Any CPU
		{59AE4C14-86B8-4C59-BBC2-C5F70ACF15CF}.Release|x86.ActiveCfg = Release|Any CPU
		{59AE4C14-86B8-4C59-BBC2-C5F70ACF15CF}.Release|x86.Build.0 = Release|Any CPU
		{59AE4C14-86B8-4C59-BBC2-C5F70ACF15CF}.Release|x86.Deploy.0 = Release|Any CPU
		{1866B926-D5BE-4248-9C4C-274B8F098D54}.Ad-Hoc|Any CPU.ActiveCfg = Ad-Hoc|iPhoneSimulator
		{1866B926-D5BE-4248-9C4C-274B8F098D54}.Ad-Hoc|Any CPU.Build.0 = Ad-Hoc|iPhoneSimulator
		{1866B926-D5BE-4248-9C4C-274B8F098D54}.Ad-Hoc|ARM.ActiveCfg = Ad-Hoc|iPhoneSimulator
		{1866B926-D5BE-4248-9C4C-274B8F098D54}.Ad-Hoc|ARM.Build.0 = Ad-Hoc|iPhoneSimulator
		{1866B926-D5BE-4248-9C4C-274B8F098D54}.Ad-Hoc|iPhone.ActiveCfg = Ad-Hoc|iPhone
		{1866B926-D5BE-4248-9C4C-274B8F098D54}.Ad-Hoc|iPhone.Build.0 = Ad-Hoc|iPhone
		{1866B926-D5BE-4248-9C4C-274B8F098D54}.Ad-Hoc|iPhoneSimulator.ActiveCfg = Ad-Hoc|iPhoneSimulator
		{1866B926-D5BE-4248-9C4C-274B8F098D54}.Ad-Hoc|iPhoneSimulator.Build.0 = Ad-Hoc|iPhoneSimulator
		{1866B926-D5BE-4248-9C4C-274B8F098D54}.Ad-Hoc|x64.ActiveCfg = Ad-Hoc|iPhoneSimulator
		{1866B926-D5BE-4248-9C4C-274B8F098D54}.Ad-Hoc|x64.Build.0 = Ad-Hoc|iPhoneSimulator
		{1866B926-D5BE-4248-9C4C-274B8F098D54}.Ad-Hoc|x86.ActiveCfg = Ad-Hoc|iPhoneSimulator
		{1866B926-D5BE-4248-9C4C-274B8F098D54}.Ad-Hoc|x86.Build.0 = Ad-Hoc|iPhoneSimulator
		{1866B926-D5BE-4248-9C4C-274B8F098D54}.AppStore|Any CPU.ActiveCfg = AppStore|iPhoneSimulator
		{1866B926-D5BE-4248-9C4C-274B8F098D54}.AppStore|Any CPU.Build.0 = AppStore|iPhoneSimulator
		{1866B926-D5BE-4248-9C4C-274B8F098D54}.AppStore|ARM.ActiveCfg = AppStore|iPhoneSimulator
		{1866B926-D5BE-4248-9C4C-274B8F098D54}.AppStore|ARM.Build.0 = AppStore|iPhoneSimulator
		{1866B926-D5BE-4248-9C4C-274B8F098D54}.AppStore|iPhone.ActiveCfg = AppStore|iPhone
		{1866B926-D5BE-4248-9C4C-274B8F098D54}.AppStore|iPhone.Build.0 = AppStore|iPhone
		{1866B926-D5BE-4248-9C4C-274B8F098D54}.AppStore|iPhoneSimulator.ActiveCfg = AppStore|iPhoneSimulator
		{1866B926-D5BE-4248-9C4C-274B8F098D54}.AppStore|iPhoneSimulator.Build.0 = AppStore|iPhoneSimulator
		{1866B926-D5BE-4248-9C4C-274B8F098D54}.AppStore|x64.ActiveCfg = AppStore|iPhoneSimulator
		{1866B926-D5BE-4248-9C4C-274B8F098D54}.AppStore|x64.Build.0 = AppStore|iPhoneSimulator
		{1866B926-D5BE-4248-9C4C-274B8F098D54}.AppStore|x86.ActiveCfg = AppStore|iPhoneSimulator
		{1866B926-D5BE-4248-9C4C-274B8F098D54}.AppStore|x86.Build.0 = AppStore|iPhoneSimulator
		{1866B926-D5BE-4248-9C4C-274B8F098D54}.Debug|Any CPU.ActiveCfg = Debug|iPhoneSimulator
		{1866B926-D5BE-4248-9C4C-274B8F098D54}.Debug|ARM.ActiveCfg = Debug|iPhone
		{1866B926-D5BE-4248-9C4C-274B8F098D54}.Debug|ARM.Build.0 = Debug|iPhone
		{1866B926-D5BE-4248-9C4C-274B8F098D54}.Debug|iPhone.ActiveCfg = Debug|iPhone
		{1866B926-D5BE-4248-9C4C-274B8F098D54}.Debug|iPhone.Build.0 = Debug|iPhone
		{1866B926-D5BE-4248-9C4C-274B8F098D54}.Debug|iPhoneSimulator.ActiveCfg = Debug|iPhoneSimulator
		{1866B926-D5BE-4248-9C4C-274B8F098D54}.Debug|iPhoneSimulator.Build.0 = Debug|iPhoneSimulator
		{1866B926-D5BE-4248-9C4C-274B8F098D54}.Debug|x64.ActiveCfg = Debug|iPhone
		{1866B926-D5BE-4248-9C4C-274B8F098D54}.Debug|x64.Build.0 = Debug|iPhone
		{1866B926-D5BE-4248-9C4C-274B8F098D54}.Debug|x86.ActiveCfg = Debug|iPhone
		{1866B926-D5BE-4248-9C4C-274B8F098D54}.Debug|x86.Build.0 = Debug|iPhone
		{1866B926-D5BE-4248-9C4C-274B8F098D54}.Release|Any CPU.ActiveCfg = Release|iPhoneSimulator
		{1866B926-D5BE-4248-9C4C-274B8F098D54}.Release|Any CPU.Build.0 = Release|iPhoneSimulator
		{1866B926-D5BE-4248-9C4C-274B8F098D54}.Release|ARM.ActiveCfg = Release|iPhone
		{1866B926-D5BE-4248-9C4C-274B8F098D54}.Release|ARM.Build.0 = Release|iPhone
		{1866B926-D5BE-4248-9C4C-274B8F098D54}.Release|iPhone.ActiveCfg = Release|iPhone
		{1866B926-D5BE-4248-9C4C-274B8F098D54}.Release|iPhone.Build.0 = Release|iPhone
		{1866B926-D5BE-4248-9C4C-274B8F098D54}.Release|iPhoneSimulator.ActiveCfg = Release|iPhoneSimulator
		{1866B926-D5BE-4248-9C4C-274B8F098D54}.Release|iPhoneSimulator.Build.0 = Release|iPhoneSimulator
		{1866B926-D5BE-4248-9C4C-274B8F098D54}.Release|x64.ActiveCfg = Release|iPhone
		{1866B926-D5BE-4248-9C4C-274B8F098D54}.Release|x64.Build.0 = Release|iPhone
		{1866B926-D5BE-4248-9C4C-274B8F098D54}.Release|x86.ActiveCfg = Release|iPhone
		{1866B926-D5BE-4248-9C4C-274B8F098D54}.Release|x86.Build.0 = Release|iPhone
		{0100D27D-7213-4971-807D-130F269A7D67}.Ad-Hoc|Any CPU.ActiveCfg = Release|Any CPU
		{0100D27D-7213-4971-807D-130F269A7D67}.Ad-Hoc|Any CPU.Build.0 = Release|Any CPU
		{0100D27D-7213-4971-807D-130F269A7D67}.Ad-Hoc|ARM.ActiveCfg = Release|Any CPU
		{0100D27D-7213-4971-807D-130F269A7D67}.Ad-Hoc|ARM.Build.0 = Release|Any CPU
		{0100D27D-7213-4971-807D-130F269A7D67}.Ad-Hoc|iPhone.ActiveCfg = Debug|Any CPU
		{0100D27D-7213-4971-807D-130F269A7D67}.Ad-Hoc|iPhone.Build.0 = Debug|Any CPU
		{0100D27D-7213-4971-807D-130F269A7D67}.Ad-Hoc|iPhoneSimulator.ActiveCfg = Release|Any CPU
		{0100D27D-7213-4971-807D-130F269A7D67}.Ad-Hoc|iPhoneSimulator.Build.0 = Release|Any CPU
		{0100D27D-7213-4971-807D-130F269A7D67}.Ad-Hoc|x64.ActiveCfg = Release|Any CPU
		{0100D27D-7213-4971-807D-130F269A7D67}.Ad-Hoc|x64.Build.0 = Release|Any CPU
		{0100D27D-7213-4971-807D-130F269A7D67}.Ad-Hoc|x86.ActiveCfg = Release|Any CPU
		{0100D27D-7213-4971-807D-130F269A7D67}.Ad-Hoc|x86.Build.0 = Release|Any CPU
		{0100D27D-7213-4971-807D-130F269A7D67}.AppStore|Any CPU.ActiveCfg = Release|Any CPU
		{0100D27D-7213-4971-807D-130F269A7D67}.AppStore|Any CPU.Build.0 = Release|Any CPU
		{0100D27D-7213-4971-807D-130F269A7D67}.AppStore|ARM.ActiveCfg = Release|Any CPU
		{0100D27D-7213-4971-807D-130F269A7D67}.AppStore|ARM.Build.0 = Release|Any CPU
		{0100D27D-7213-4971-807D-130F269A7D67}.AppStore|iPhone.ActiveCfg = Debug|Any CPU
		{0100D27D-7213-4971-807D-130F269A7D67}.AppStore|iPhone.Build.0 = Debug|Any CPU
		{0100D27D-7213-4971-807D-130F269A7D67}.AppStore|iPhoneSimulator.ActiveCfg = Release|Any CPU
		{0100D27D-7213-4971-807D-130F269A7D67}.AppStore|iPhoneSimulator.Build.0 = Release|Any CPU
		{0100D27D-7213-4971-807D-130F269A7D67}.AppStore|x64.ActiveCfg = Release|Any CPU
		{0100D27D-7213-4971-807D-130F269A7D67}.AppStore|x64.Build.0 = Release|Any CPU
		{0100D27D-7213-4971-807D-130F269A7D67}.AppStore|x86.ActiveCfg = Release|Any CPU
		{0100D27D-7213-4971-807D-130F269A7D67}.AppStore|x86.Build.0 = Release|Any CPU
		{0100D27D-7213-4971-807D-130F269A7D67}.Debug|Any CPU.ActiveCfg = Debug|Any CPU
		{0100D27D-7213-4971-807D-130F269A7D67}.Debug|Any CPU.Build.0 = Debug|Any CPU
		{0100D27D-7213-4971-807D-130F269A7D67}.Debug|ARM.ActiveCfg = Debug|Any CPU
		{0100D27D-7213-4971-807D-130F269A7D67}.Debug|ARM.Build.0 = Debug|Any CPU
		{0100D27D-7213-4971-807D-130F269A7D67}.Debug|iPhone.ActiveCfg = Debug|Any CPU
		{0100D27D-7213-4971-807D-130F269A7D67}.Debug|iPhone.Build.0 = Debug|Any CPU
		{0100D27D-7213-4971-807D-130F269A7D67}.Debug|iPhoneSimulator.ActiveCfg = Debug|Any CPU
		{0100D27D-7213-4971-807D-130F269A7D67}.Debug|iPhoneSimulator.Build.0 = Debug|Any CPU
		{0100D27D-7213-4971-807D-130F269A7D67}.Debug|x64.ActiveCfg = Debug|Any CPU
		{0100D27D-7213-4971-807D-130F269A7D67}.Debug|x64.Build.0 = Debug|Any CPU
		{0100D27D-7213-4971-807D-130F269A7D67}.Debug|x86.ActiveCfg = Debug|Any CPU
		{0100D27D-7213-4971-807D-130F269A7D67}.Debug|x86.Build.0 = Debug|Any CPU
		{0100D27D-7213-4971-807D-130F269A7D67}.Release|Any CPU.ActiveCfg = Release|Any CPU
		{0100D27D-7213-4971-807D-130F269A7D67}.Release|Any CPU.Build.0 = Release|Any CPU
		{0100D27D-7213-4971-807D-130F269A7D67}.Release|ARM.ActiveCfg = Release|Any CPU
		{0100D27D-7213-4971-807D-130F269A7D67}.Release|ARM.Build.0 = Release|Any CPU
		{0100D27D-7213-4971-807D-130F269A7D67}.Release|iPhone.ActiveCfg = Release|Any CPU
		{0100D27D-7213-4971-807D-130F269A7D67}.Release|iPhone.Build.0 = Release|Any CPU
		{0100D27D-7213-4971-807D-130F269A7D67}.Release|iPhoneSimulator.ActiveCfg = Release|Any CPU
		{0100D27D-7213-4971-807D-130F269A7D67}.Release|iPhoneSimulator.Build.0 = Release|Any CPU
		{0100D27D-7213-4971-807D-130F269A7D67}.Release|x64.ActiveCfg = Release|Any CPU
		{0100D27D-7213-4971-807D-130F269A7D67}.Release|x64.Build.0 = Release|Any CPU
		{0100D27D-7213-4971-807D-130F269A7D67}.Release|x86.ActiveCfg = Release|Any CPU
		{0100D27D-7213-4971-807D-130F269A7D67}.Release|x86.Build.0 = Release|Any CPU
		{B1B8AB90-A9B6-4513-8BC5-02A2A086F1C5}.Ad-Hoc|Any CPU.ActiveCfg = Debug|x64
		{B1B8AB90-A9B6-4513-8BC5-02A2A086F1C5}.Ad-Hoc|Any CPU.Build.0 = Debug|x64
		{B1B8AB90-A9B6-4513-8BC5-02A2A086F1C5}.Ad-Hoc|Any CPU.Deploy.0 = Debug|x64
		{B1B8AB90-A9B6-4513-8BC5-02A2A086F1C5}.Ad-Hoc|ARM.ActiveCfg = Debug|ARM
		{B1B8AB90-A9B6-4513-8BC5-02A2A086F1C5}.Ad-Hoc|ARM.Build.0 = Debug|ARM
		{B1B8AB90-A9B6-4513-8BC5-02A2A086F1C5}.Ad-Hoc|ARM.Deploy.0 = Debug|ARM
		{B1B8AB90-A9B6-4513-8BC5-02A2A086F1C5}.Ad-Hoc|iPhone.ActiveCfg = Debug|x64
		{B1B8AB90-A9B6-4513-8BC5-02A2A086F1C5}.Ad-Hoc|iPhone.Build.0 = Debug|x64
		{B1B8AB90-A9B6-4513-8BC5-02A2A086F1C5}.Ad-Hoc|iPhone.Deploy.0 = Debug|x64
		{B1B8AB90-A9B6-4513-8BC5-02A2A086F1C5}.Ad-Hoc|iPhoneSimulator.ActiveCfg = Debug|x64
		{B1B8AB90-A9B6-4513-8BC5-02A2A086F1C5}.Ad-Hoc|iPhoneSimulator.Build.0 = Debug|x64
		{B1B8AB90-A9B6-4513-8BC5-02A2A086F1C5}.Ad-Hoc|iPhoneSimulator.Deploy.0 = Debug|x64
		{B1B8AB90-A9B6-4513-8BC5-02A2A086F1C5}.Ad-Hoc|x64.ActiveCfg = Debug|x64
		{B1B8AB90-A9B6-4513-8BC5-02A2A086F1C5}.Ad-Hoc|x64.Build.0 = Debug|x64
		{B1B8AB90-A9B6-4513-8BC5-02A2A086F1C5}.Ad-Hoc|x64.Deploy.0 = Debug|x64
		{B1B8AB90-A9B6-4513-8BC5-02A2A086F1C5}.Ad-Hoc|x86.ActiveCfg = Debug|x86
		{B1B8AB90-A9B6-4513-8BC5-02A2A086F1C5}.Ad-Hoc|x86.Build.0 = Debug|x86
		{B1B8AB90-A9B6-4513-8BC5-02A2A086F1C5}.Ad-Hoc|x86.Deploy.0 = Debug|x86
		{B1B8AB90-A9B6-4513-8BC5-02A2A086F1C5}.AppStore|Any CPU.ActiveCfg = Debug|x64
		{B1B8AB90-A9B6-4513-8BC5-02A2A086F1C5}.AppStore|Any CPU.Build.0 = Debug|x64
		{B1B8AB90-A9B6-4513-8BC5-02A2A086F1C5}.AppStore|Any CPU.Deploy.0 = Debug|x64
		{B1B8AB90-A9B6-4513-8BC5-02A2A086F1C5}.AppStore|ARM.ActiveCfg = Debug|ARM
		{B1B8AB90-A9B6-4513-8BC5-02A2A086F1C5}.AppStore|ARM.Build.0 = Debug|ARM
		{B1B8AB90-A9B6-4513-8BC5-02A2A086F1C5}.AppStore|ARM.Deploy.0 = Debug|ARM
		{B1B8AB90-A9B6-4513-8BC5-02A2A086F1C5}.AppStore|iPhone.ActiveCfg = Debug|x64
		{B1B8AB90-A9B6-4513-8BC5-02A2A086F1C5}.AppStore|iPhone.Build.0 = Debug|x64
		{B1B8AB90-A9B6-4513-8BC5-02A2A086F1C5}.AppStore|iPhone.Deploy.0 = Debug|x64
		{B1B8AB90-A9B6-4513-8BC5-02A2A086F1C5}.AppStore|iPhoneSimulator.ActiveCfg = Debug|x64
		{B1B8AB90-A9B6-4513-8BC5-02A2A086F1C5}.AppStore|iPhoneSimulator.Build.0 = Debug|x64
		{B1B8AB90-A9B6-4513-8BC5-02A2A086F1C5}.AppStore|iPhoneSimulator.Deploy.0 = Debug|x64
		{B1B8AB90-A9B6-4513-8BC5-02A2A086F1C5}.AppStore|x64.ActiveCfg = Debug|x64
		{B1B8AB90-A9B6-4513-8BC5-02A2A086F1C5}.AppStore|x64.Build.0 = Debug|x64
		{B1B8AB90-A9B6-4513-8BC5-02A2A086F1C5}.AppStore|x64.Deploy.0 = Debug|x64
		{B1B8AB90-A9B6-4513-8BC5-02A2A086F1C5}.AppStore|x86.ActiveCfg = Debug|x86
		{B1B8AB90-A9B6-4513-8BC5-02A2A086F1C5}.AppStore|x86.Build.0 = Debug|x86
		{B1B8AB90-A9B6-4513-8BC5-02A2A086F1C5}.AppStore|x86.Deploy.0 = Debug|x86
		{B1B8AB90-A9B6-4513-8BC5-02A2A086F1C5}.Debug|Any CPU.ActiveCfg = Debug|x64
		{B1B8AB90-A9B6-4513-8BC5-02A2A086F1C5}.Debug|Any CPU.Build.0 = Debug|x64
		{B1B8AB90-A9B6-4513-8BC5-02A2A086F1C5}.Debug|Any CPU.Deploy.0 = Debug|x64
		{B1B8AB90-A9B6-4513-8BC5-02A2A086F1C5}.Debug|ARM.ActiveCfg = Debug|ARM
		{B1B8AB90-A9B6-4513-8BC5-02A2A086F1C5}.Debug|ARM.Build.0 = Debug|ARM
		{B1B8AB90-A9B6-4513-8BC5-02A2A086F1C5}.Debug|ARM.Deploy.0 = Debug|ARM
		{B1B8AB90-A9B6-4513-8BC5-02A2A086F1C5}.Debug|iPhone.ActiveCfg = Debug|x64
		{B1B8AB90-A9B6-4513-8BC5-02A2A086F1C5}.Debug|iPhone.Build.0 = Debug|x64
		{B1B8AB90-A9B6-4513-8BC5-02A2A086F1C5}.Debug|iPhone.Deploy.0 = Debug|x64
		{B1B8AB90-A9B6-4513-8BC5-02A2A086F1C5}.Debug|iPhoneSimulator.ActiveCfg = Debug|x64
		{B1B8AB90-A9B6-4513-8BC5-02A2A086F1C5}.Debug|iPhoneSimulator.Build.0 = Debug|x64
		{B1B8AB90-A9B6-4513-8BC5-02A2A086F1C5}.Debug|iPhoneSimulator.Deploy.0 = Debug|x64
		{B1B8AB90-A9B6-4513-8BC5-02A2A086F1C5}.Debug|x64.ActiveCfg = Debug|x64
		{B1B8AB90-A9B6-4513-8BC5-02A2A086F1C5}.Debug|x64.Build.0 = Debug|x64
		{B1B8AB90-A9B6-4513-8BC5-02A2A086F1C5}.Debug|x64.Deploy.0 = Debug|x64
		{B1B8AB90-A9B6-4513-8BC5-02A2A086F1C5}.Debug|x86.ActiveCfg = Debug|x86
		{B1B8AB90-A9B6-4513-8BC5-02A2A086F1C5}.Debug|x86.Build.0 = Debug|x86
		{B1B8AB90-A9B6-4513-8BC5-02A2A086F1C5}.Debug|x86.Deploy.0 = Debug|x86
		{B1B8AB90-A9B6-4513-8BC5-02A2A086F1C5}.Release|Any CPU.ActiveCfg = Release|x64
		{B1B8AB90-A9B6-4513-8BC5-02A2A086F1C5}.Release|Any CPU.Build.0 = Release|x64
		{B1B8AB90-A9B6-4513-8BC5-02A2A086F1C5}.Release|Any CPU.Deploy.0 = Release|x64
		{B1B8AB90-A9B6-4513-8BC5-02A2A086F1C5}.Release|ARM.ActiveCfg = Release|ARM
		{B1B8AB90-A9B6-4513-8BC5-02A2A086F1C5}.Release|ARM.Build.0 = Release|ARM
		{B1B8AB90-A9B6-4513-8BC5-02A2A086F1C5}.Release|ARM.Deploy.0 = Release|ARM
		{B1B8AB90-A9B6-4513-8BC5-02A2A086F1C5}.Release|iPhone.ActiveCfg = Release|x64
		{B1B8AB90-A9B6-4513-8BC5-02A2A086F1C5}.Release|iPhone.Build.0 = Release|x64
		{B1B8AB90-A9B6-4513-8BC5-02A2A086F1C5}.Release|iPhone.Deploy.0 = Release|x64
		{B1B8AB90-A9B6-4513-8BC5-02A2A086F1C5}.Release|iPhoneSimulator.ActiveCfg = Release|x64
		{B1B8AB90-A9B6-4513-8BC5-02A2A086F1C5}.Release|iPhoneSimulator.Build.0 = Release|x64
		{B1B8AB90-A9B6-4513-8BC5-02A2A086F1C5}.Release|iPhoneSimulator.Deploy.0 = Release|x64
		{B1B8AB90-A9B6-4513-8BC5-02A2A086F1C5}.Release|x64.ActiveCfg = Release|x64
		{B1B8AB90-A9B6-4513-8BC5-02A2A086F1C5}.Release|x64.Build.0 = Release|x64
		{B1B8AB90-A9B6-4513-8BC5-02A2A086F1C5}.Release|x64.Deploy.0 = Release|x64
		{B1B8AB90-A9B6-4513-8BC5-02A2A086F1C5}.Release|x86.ActiveCfg = Release|x86
		{B1B8AB90-A9B6-4513-8BC5-02A2A086F1C5}.Release|x86.Build.0 = Release|x86
		{B1B8AB90-A9B6-4513-8BC5-02A2A086F1C5}.Release|x86.Deploy.0 = Release|x86
	EndGlobalSection
	GlobalSection(SolutionProperties) = preSolution
		HideSolutionNode = FALSE
	EndGlobalSection
	GlobalSection(ExtensibilityGlobals) = postSolution
		SolutionGuid = {3E81E14F-0CC1-412C-A16B-041F2C63B9C6}
	EndGlobalSection
EndGlobal
